
Microsoft Visual Studio Solution File, Format Version 12.00
# Visual Studio 14
VisualStudioVersion = 14.0.23107.0
MinimumVisualStudioVersion = 10.0.40219.1
Project("{FAE04EC0-301F-11D3-BF4B-00C04F79EFBC}") = "TaskMgtApi", "TaskMgtApi\TaskMgtApi.csproj", "{63F2D846-4B1E-4259-84F4-0A96F3981D1A}"
EndProject
Project("{FAE04EC0-301F-11D3-BF4B-00C04F79EFBC}") = "TaskMgt.DataAccess", "TaskMgt.DataAccess\TaskMgt.DataAccess.csproj", "{4096DF22-3ACC-4D6E-8EB2-54A3877A45BD}"
EndProject
Global
	GlobalSection(SolutionConfigurationPlatforms) = preSolution
		Debug|Any CPU = Debug|Any CPU
		Release|Any CPU = Release|Any CPU
	EndGlobalSection
	GlobalSection(ProjectConfigurationPlatforms) = postSolution
		{63F2D846-4B1E-4259-84F4-0A96F3981D1A}.Debug|Any CPU.ActiveCfg = Debug|Any CPU
		{63F2D846-4B1E-4259-84F4-0A96F3981D1A}.Debug|Any CPU.Build.0 = Debug|Any CPU
		{63F2D846-4B1E-4259-84F4-0A96F3981D1A}.Release|Any CPU.ActiveCfg = Release|Any CPU
		{63F2D846-4B1E-4259-84F4-0A96F3981D1A}.Release|Any CPU.Build.0 = Release|Any CPU
		{4096DF22-3ACC-4D6E-8EB2-54A3877A45BD}.Debug|Any CPU.ActiveCfg = Debug|Any CPU
		{4096DF22-3ACC-4D6E-8EB2-54A3877A45BD}.Debug|Any CPU.Build.0 = Debug|Any CPU
		{4096DF22-3ACC-4D6E-8EB2-54A3877A45BD}.Release|Any CPU.ActiveCfg = Release|Any CPU
		{4096DF22-3ACC-4D6E-8EB2-54A3877A45BD}.Release|Any CPU.Build.0 = Release|Any CPU
	EndGlobalSection
	GlobalSection(SolutionProperties) = preSolution
		HideSolutionNode = FALSE
	EndGlobalSection
EndGlobal
